
Microsoft Visual Studio Solution File, Format Version 12.00
# Visual Studio Version 17
VisualStudioVersion = 17.14.36623.8 d17.14
MinimumVisualStudioVersion = 10.0.40219.1
Project("{8BC9CEB8-8B4A-11D0-8D11-00A0C91BC942}") = "1", "1\1.vcxproj", "{D3573B21-A392-4690-B08B-C20A9790704E}"
EndProject
Project("{8BC9CEB8-8B4A-11D0-8D11-00A0C91BC942}") = "2", "2\2.vcxproj", "{9695C807-A007-4799-B72F-E60DEA21D265}"
EndProject
Global
	GlobalSection(SolutionConfigurationPlatforms) = preSolution
		Debug|x64 = Debug|x64
		Debug|x86 = Debug|x86
		Release|x64 = Release|x64
		Release|x86 = Release|x86
	EndGlobalSection
	GlobalSection(ProjectConfigurationPlatforms) = postSolution
		{D3573B21-A392-4690-B08B-C20A9790704E}.Debug|x64.ActiveCfg = Debug|x64
		{D3573B21-A392-4690-B08B-C20A9790704E}.Debug|x64.Build.0 = Debug|x64
		{D3573B21-A392-4690-B08B-C20A9790704E}.Debug|x86.ActiveCfg = Debug|Win32
		{D3573B21-A392-4690-B08B-C20A9790704E}.Debug|x86.Build.0 = Debug|Win32
		{D3573B21-A392-4690-B08B-C20A9790704E}.Release|x64.ActiveCfg = Release|x64
		{D3573B21-A392-4690-B08B-C20A9790704E}.Release|x64.Build.0 = Release|x64
		{D3573B21-A392-4690-B08B-C20A9790704E}.Release|x86.ActiveCfg = Release|Win32
		{D3573B21-A392-4690-B08B-C20A9790704E}.Release|x86.Build.0 = Release|Win32
		{9695C807-A007-4799-B72F-E60DEA21D265}.Debug|x64.ActiveCfg = Debug|x64
		{9695C807-A007-4799-B72F-E60DEA21D265}.Debug|x64.Build.0 = Debug|x64
		{9695C807-A007-4799-B72F-E60DEA21D265}.Debug|x86.ActiveCfg = Debug|Win32
		{9695C807-A007-4799-B72F-E60DEA21D265}.Debug|x86.Build.0 = Debug|Win32
		{9695C807-A007-4799-B72F-E60DEA21D265}.Release|x64.ActiveCfg = Release|x64
		{9695C807-A007-4799-B72F-E60DEA21D265}.Release|x64.Build.0 = Release|x64
		{9695C807-A007-4799-B72F-E60DEA21D265}.Release|x86.ActiveCfg = Release|Win32
		{9695C807-A007-4799-B72F-E60DEA21D265}.Release|x86.Build.0 = Release|Win32
	EndGlobalSection
	GlobalSection(SolutionProperties) = preSolution
		HideSolutionNode = FALSE
	EndGlobalSection
	GlobalSection(ExtensibilityGlobals) = postSolution
		SolutionGuid = {1EA36A62-717E-494A-88A9-41546A4C42C9}
	EndGlobalSection
EndGlobal
