
Microsoft Visual Studio Solution File, Format Version 12.00
# Visual Studio Version 17
VisualStudioVersion = 17.14.36414.22 d17.14
MinimumVisualStudioVersion = 10.0.40219.1
Project("{8BC9CEB8-8B4A-11D0-8D11-00A0C91BC942}") = "1", "1\1.vcxproj", "{D6CABC10-367A-4C15-A001-BE9814C24D72}"
EndProject
Global
	GlobalSection(SolutionConfigurationPlatforms) = preSolution
		Debug|x64 = Debug|x64
		Debug|x86 = Debug|x86
		Release|x64 = Release|x64
		Release|x86 = Release|x86
	EndGlobalSection
	GlobalSection(ProjectConfigurationPlatforms) = postSolution
		{D6CABC10-367A-4C15-A001-BE9814C24D72}.Debug|x64.ActiveCfg = Debug|x64
		{D6CABC10-367A-4C15-A001-BE9814C24D72}.Debug|x64.Build.0 = Debug|x64
		{D6CABC10-367A-4C15-A001-BE9814C24D72}.Debug|x86.ActiveCfg = Debug|Win32
		{D6CABC10-367A-4C15-A001-BE9814C24D72}.Debug|x86.Build.0 = Debug|Win32
		{D6CABC10-367A-4C15-A001-BE9814C24D72}.Release|x64.ActiveCfg = Release|x64
		{D6CABC10-367A-4C15-A001-BE9814C24D72}.Release|x64.Build.0 = Release|x64
		{D6CABC10-367A-4C15-A001-BE9814C24D72}.Release|x86.ActiveCfg = Release|Win32
		{D6CABC10-367A-4C15-A001-BE9814C24D72}.Release|x86.Build.0 = Release|Win32
	EndGlobalSection
	GlobalSection(SolutionProperties) = preSolution
		HideSolutionNode = FALSE
	EndGlobalSection
	GlobalSection(ExtensibilityGlobals) = postSolution
		SolutionGuid = {BCBAF7A6-9ECE-4A58-BF8F-B867D917182C}
	EndGlobalSection
EndGlobal
